
Microsoft Visual Studio Solution File, Format Version 12.00
# Visual Studio Version 16
VisualStudioVersion = 16.0.31515.178
MinimumVisualStudioVersion = 10.0.40219.1
Project("{FAE04EC0-301F-11D3-BF4B-00C04F79EFBC}") = "ElearnCoursesAPI", "ElearnCoursesAPI.csproj", "{CA42E56D-CC0B-4391-A7A0-477CA54F8B8C}"
EndProject
Global
	GlobalSection(SolutionConfigurationPlatforms) = preSolution
		Debug|Any CPU = Debug|Any CPU
		Release|Any CPU = Release|Any CPU
	EndGlobalSection
	GlobalSection(ProjectConfigurationPlatforms) = postSolution
		{CA42E56D-CC0B-4391-A7A0-477CA54F8B8C}.Debug|Any CPU.ActiveCfg = Debug|Any CPU
		{CA42E56D-CC0B-4391-A7A0-477CA54F8B8C}.Debug|Any CPU.Build.0 = Debug|Any CPU
		{CA42E56D-CC0B-4391-A7A0-477CA54F8B8C}.Release|Any CPU.ActiveCfg = Release|Any CPU
		{CA42E56D-CC0B-4391-A7A0-477CA54F8B8C}.Release|Any CPU.Build.0 = Release|Any CPU
	EndGlobalSection
	GlobalSection(SolutionProperties) = preSolution
		HideSolutionNode = FALSE
	EndGlobalSection
	GlobalSection(ExtensibilityGlobals) = postSolution
		SolutionGuid = {16A9273F-02CC-4676-9CF4-BD5329F12CA1}
	EndGlobalSection
EndGlobal
